PODS:
  - Alamofire (4.4.0)
  - Reachability (3.2)

DEPENDENCIES:
  - Alamofire (~> 4.0)
  - Reachability (~> 3.2)

SPEC CHECKSUMS:
  Alamofire: dc44b1600b800eb63da6a19039a0083d62a6a62d
  Reachability: 33e18b67625424e47b6cde6d202dce689ad7af96

PODFILE CHECKSUM: c2767ca172a4b9b1b5e63da5c03cacf25ddd6cb0

COCOAPODS: 1.1.1
