// !$*UTF8*$!
{
	archiveVersion = 1;
	classes = {
	};
	objectVersion = 46;
	objects = {

/* Begin PBXBuildFile section */
		3B9BA74A52A92D9FA4477C62 /* Pods_UniversalApp.framework in Frameworks */ = {isa = PBXBuildFile; fileRef = 24744203AB8CAD33D772BF6B /* Pods_UniversalApp.framework */; };
		7371FA89642B733BB25854B1 /* Pods_UniversalAppTests.framework in Frameworks */ = {isa = PBXBuildFile; fileRef = B198F443D6973971F37CA0CA /* Pods_UniversalAppTests.framework */; };
		BCBA1DF91E5DF12200DDF238 /* AppDelegate.swift in Sources */ = {isa = PBXBuildFile; fileRef = BCBA1DF81E5DF12200DDF238 /* AppDelegate.swift */; };
		BCBA1DFB1E5DF12200DDF238 /* ViewController.swift in Sources */ = {isa = PBXBuildFile; fileRef = BCBA1DFA1E5DF12200DDF238 /* ViewController.swift */; };
		BCBA1DFE1E5DF12200DDF238 /* Main.storyboard in Resources */ = {isa = PBXBuildFile; fileRef = BCBA1DFC1E5DF12200DDF238 /* Main.storyboard */; };
		BCBA1E001E5DF12200DDF238 /* Assets.xcassets in Resources */ = {isa = PBXBuildFile; fileRef = BCBA1DFF1E5DF12200DDF238 /* Assets.xcassets */; };
		BCBA1E031E5DF12200DDF238 /* LaunchScreen.storyboard in Resources */ = {isa = PBXBuildFile; fileRef = BCBA1E011E5DF12200DDF238 /* LaunchScreen.storyboard */; };
		BCBA1E0E1E5DF12200DDF238 /* UniversalAppTests.swift in Sources */ = {isa = PBXBuildFile; fileRef = BCBA1E0D1E5DF12200DDF238 /* UniversalAppTests.swift */; };
		BCBA1E191E61ABC000DDF238 /* APITests.swift in Sources */ = {isa = PBXBuildFile; fileRef = BCBA1E181E61ABC000DDF238 /* APITests.swift */; };
/* End PBXBuildFile section */

/* Begin PBXContainerItemProxy section */
		BCBA1E0A1E5DF12200DDF238 /* PBXContainerItemProxy */ = {
			isa = PBXContainerItemProxy;
			containerPortal = BCBA1DED1E5DF12200DDF238 /* Project object */;
			proxyType = 1;
			remoteGlobalIDString = BCBA1DF41E5DF12200DDF238;
			remoteInfo = UniversalApp;
		};
/* End PBXContainerItemProxy section */

/* Begin PBXFileReference section */
		20D804A5CF1B25553363EEFA /* Pods-UniversalAppTests.debug.xcconfig */ = {isa = PBXFileReference; includeInIndex = 1; lastKnownFileType = text.xcconfig; name = "Pods-UniversalAppTests.debug.xcconfig"; path = "Pods/Target Support Files/Pods-UniversalAppTests/Pods-UniversalAppTests.debug.xcconfig"; sourceTree = "<group>"; };
		24744203AB8CAD33D772BF6B /* Pods_UniversalApp.framework */ = {isa = PBXFileReference; explicitFileType = wrapper.framework; includeInIndex = 0; path = Pods_UniversalApp.framework; sourceTree = BUILT_PRODUCTS_DIR; };
		A26B570F02109897EEBC6AAD /* Pods-UniversalAppTests.release.xcconfig */ = {isa = PBXFileReference; includeInIndex = 1; lastKnownFileType = text.xcconfig; name = "Pods-UniversalAppTests.release.xcconfig"; path = "Pods/Target Support Files/Pods-UniversalAppTests/Pods-UniversalAppTests.release.xcconfig"; sourceTree = "<group>"; };
		A6B662DC3D4DAACD51DC25B1 /* Pods-UniversalApp.release.xcconfig */ = {isa = PBXFileReference; includeInIndex = 1; lastKnownFileType = text.xcconfig; name = "Pods-UniversalApp.release.xcconfig"; path = "Pods/Target Support Files/Pods-UniversalApp/Pods-UniversalApp.release.xcconfig"; sourceTree = "<group>"; };
		B198F443D6973971F37CA0CA /* Pods_UniversalAppTests.framework */ = {isa = PBXFileReference; explicitFileType = wrapper.framework; includeInIndex = 0; path = Pods_UniversalAppTests.framework; sourceTree = BUILT_PRODUCTS_DIR; };
		BCBA1DF51E5DF12200DDF238 /* UniversalApp.app */ = {isa = PBXFileReference; explicitFileType = wrapper.application; includeInIndex = 0; path = UniversalApp.app; sourceTree = BUILT_PRODUCTS_DIR; };
		BCBA1DF81E5DF12200DDF238 /* AppDelegate.swift */ = {isa = PBXFileReference; lastKnownFileType = sourcecode.swift; path = AppDelegate.swift; sourceTree = "<group>"; };
		BCBA1DFA1E5DF12200DDF238 /* ViewController.swift */ = {isa = PBXFileReference; lastKnownFileType = sourcecode.swift; path = ViewController.swift; sourceTree = "<group>"; };
		BCBA1DFD1E5DF12200DDF238 /* Base */ = {isa = PBXFileReference; lastKnownFileType = file.storyboard; name = Base; path = Base.lproj/Main.storyboard; sourceTree = "<group>"; };
		BCBA1DFF1E5DF12200DDF238 /* Assets.xcassets */ = {isa = PBXFileReference; lastKnownFileType = folder.assetcatalog; path = Assets.xcassets; sourceTree = "<group>"; };
		BCBA1E021E5DF12200DDF238 /* Base */ = {isa = PBXFileReference; lastKnownFileType = file.storyboard; name = Base; path = Base.lproj/LaunchScreen.storyboard; sourceTree = "<group>"; };
		BCBA1E041E5DF12200DDF238 /* Info.plist */ = {isa = PBXFileReference; lastKnownFileType = text.plist.xml; path = Info.plist; sourceTree = "<group>"; };
		BCBA1E091E5DF12200DDF238 /* UniversalAppTests.xctest */ = {isa = PBXFileReference; explicitFileType = wrapper.cfbundle; includeInIndex = 0; path = UniversalAppTests.xctest; sourceTree = BUILT_PRODUCTS_DIR; };
		BCBA1E0D1E5DF12200DDF238 /* UniversalAppTests.swift */ = {isa = PBXFileReference; lastKnownFileType = sourcecode.swift; path = UniversalAppTests.swift; sourceTree = "<group>"; };
		BCBA1E0F1E5DF12200DDF238 /* Info.plist */ = {isa = PBXFileReference; lastKnownFileType = text.plist.xml; path = Info.plist; sourceTree = "<group>"; };
		BCBA1E181E61ABC000DDF238 /* APITests.swift */ = {isa = PBXFileReference; fileEncoding = 4; lastKnownFileType = sourcecode.swift; path = APITests.swift; sourceTree = "<group>"; };
		BEC2038B25FAE8B433FED67D /* Pods-UniversalApp.debug.xcconfig */ = {isa = PBXFileReference; includeInIndex = 1; lastKnownFileType = text.xcconfig; name = "Pods-UniversalApp.debug.xcconfig"; path = "Pods/Target Support Files/Pods-UniversalApp/Pods-UniversalApp.debug.xcconfig"; sourceTree = "<group>"; };
/* End PBXFileReference section */

/* Begin PBXFrameworksBuildPhase section */
		BCBA1DF21E5DF12200DDF238 /* Frameworks */ = {
			isa = PBXFrameworksBuildPhase;
			buildActionMask = 2147483647;
			files = (
				3B9BA74A52A92D9FA4477C62 /* Pods_UniversalApp.framework in Frameworks */,
			);
			runOnlyForDeploymentPostprocessing = 0;
		};
		BCBA1E061E5DF12200DDF238 /* Frameworks */ = {
			isa = PBXFrameworksBuildPhase;
			buildActionMask = 2147483647;
			files = (
				7371FA89642B733BB25854B1 /* Pods_UniversalAppTests.framework in Frameworks */,
			);
			runOnlyForDeploymentPostprocessing = 0;
		};
/* End PBXFrameworksBuildPhase section */

/* Begin PBXGroup section */
		1C412B3F2ECAE5C8981B0B40 /* Pods */ = {
			isa = PBXGroup;
			children = (
				BEC2038B25FAE8B433FED67D /* Pods-UniversalApp.debug.xcconfig */,
				A6B662DC3D4DAACD51DC25B1 /* Pods-UniversalApp.release.xcconfig */,
				20D804A5CF1B25553363EEFA /* Pods-UniversalAppTests.debug.xcconfig */,
				A26B570F02109897EEBC6AAD /* Pods-UniversalAppTests.release.xcconfig */,
			);
			name = Pods;
			sourceTree = "<group>";
		};
		9D28BF47066BEBC82D42C0F6 /* Frameworks */ = {
			isa = PBXGroup;
			children = (
				24744203AB8CAD33D772BF6B /* Pods_UniversalApp.framework */,
				B198F443D6973971F37CA0CA /* Pods_UniversalAppTests.framework */,
			);
			name = Frameworks;
			sourceTree = "<group>";
		};
		BCBA1DEC1E5DF12200DDF238 = {
			isa = PBXGroup;
			children = (
				BCBA1DF71E5DF12200DDF238 /* UniversalApp */,
				BCBA1E0C1E5DF12200DDF238 /* UniversalAppTests */,
				BCBA1DF61E5DF12200DDF238 /* Products */,
				1C412B3F2ECAE5C8981B0B40 /* Pods */,
				9D28BF47066BEBC82D42C0F6 /* Frameworks */,
			);
			sourceTree = "<group>";
		};
		BCBA1DF61E5DF12200DDF238 /* Products */ = {
			isa = PBXGroup;
			children = (
				BCBA1DF51E5DF12200DDF238 /* UniversalApp.app */,
				BCBA1E091E5DF12200DDF238 /* UniversalAppTests.xctest */,
			);
			name = Products;
			sourceTree = "<group>";
		};
		BCBA1DF71E5DF12200DDF238 /* UniversalApp */ = {
			isa = PBXGroup;
			children = (
				BCBA1DF81E5DF12200DDF238 /* AppDelegate.swift */,
				BCBA1DFA1E5DF12200DDF238 /* ViewController.swift */,
				BCBA1DFC1E5DF12200DDF238 /* Main.storyboard */,
				BCBA1DFF1E5DF12200DDF238 /* Assets.xcassets */,
				BCBA1E011E5DF12200DDF238 /* LaunchScreen.storyboard */,
				BCBA1E041E5DF12200DDF238 /* Info.plist */,
			);
			path = UniversalApp;
			sourceTree = "<group>";
		};
		BCBA1E0C1E5DF12200DDF238 /* UniversalAppTests */ = {
			isa = PBXGroup;
			children = (
				BCBA1E0D1E5DF12200DDF238 /* UniversalAppTests.swift */,
				BCBA1E0F1E5DF12200DDF238 /* Info.plist */,
				BCBA1E181E61ABC000DDF238 /* APITests.swift */,
			);
			path = UniversalAppTests;
			sourceTree = "<group>";
		};
/* End PBXGroup section */

/* Begin PBXNativeTarget section */
		BCBA1DF41E5DF12200DDF238 /* UniversalApp */ = {
			isa = PBXNativeTarget;
			buildConfigurationList = BCBA1E121E5DF12200DDF238 /* Build configuration list for PBXNativeTarget "UniversalApp" */;
			buildPhases = (
				73021B6DD758E219982EAEF3 /* [CP] Check Pods Manifest.lock */,
				BCBA1DF11E5DF12200DDF238 /* Sources */,
				BCBA1DF21E5DF12200DDF238 /* Frameworks */,
				BCBA1DF31E5DF12200DDF238 /* Resources */,
				9455C7E33908375662BB25CB /* [CP] Embed Pods Frameworks */,
				C9519A3F432B0A461E6A0326 /* [CP] Copy Pods Resources */,
			);
			buildRules = (
			);
			dependencies = (
			);
			name = UniversalApp;
			productName = UniversalApp;
			productReference = BCBA1DF51E5DF12200DDF238 /* UniversalApp.app */;
			productType = "com.apple.product-type.application";
		};
		BCBA1E081E5DF12200DDF238 /* UniversalAppTests */ = {
			isa = PBXNativeTarget;
			buildConfigurationList = BCBA1E151E5DF12200DDF238 /* Build configuration list for PBXNativeTarget "UniversalAppTests" */;
			buildPhases = (
				DED7BF5FA5723A4E81B36EDF /* [CP] Check Pods Manifest.lock */,
				BCBA1E051E5DF12200DDF238 /* Sources */,
				BCBA1E061E5DF12200DDF238 /* Frameworks */,
				BCBA1E071E5DF12200DDF238 /* Resources */,
				5040B9FB939BB5B24B11511F /* [CP] Embed Pods Frameworks */,
				30287CC36A0F0A5FC71E30ED /* [CP] Copy Pods Resources */,
			);
			buildRules = (
			);
			dependencies = (
				BCBA1E0B1E5DF12200DDF238 /* PBXTargetDependency */,
			);
			name = UniversalAppTests;
			productName = UniversalAppTests;
			productReference = BCBA1E091E5DF12200DDF238 /* UniversalAppTests.xctest */;
			productType = "com.apple.product-type.bundle.unit-test";
		};
/* End PBXNativeTarget section */

/* Begin PBXProject section */
		BCBA1DED1E5DF12200DDF238 /* Project object */ = {
			isa = PBXProject;
			attributes = {
				LastSwiftUpdateCheck = 0820;
				LastUpgradeCheck = 0820;
				ORGANIZATIONNAME = "Apkia Technologies";
				TargetAttributes = {
					BCBA1DF41E5DF12200DDF238 = {
						CreatedOnToolsVersion = 8.2.1;
						ProvisioningStyle = Automatic;
					};
					BCBA1E081E5DF12200DDF238 = {
						CreatedOnToolsVersion = 8.2.1;
						ProvisioningStyle = Automatic;
						TestTargetID = BCBA1DF41E5DF12200DDF238;
					};
				};
			};
			buildConfigurationList = BCBA1DF01E5DF12200DDF238 /* Build configuration list for PBXProject "UniversalApp" */;
			compatibilityVersion = "Xcode 3.2";
			developmentRegion = English;
			hasScannedForEncodings = 0;
			knownRegions = (
				en,
				Base,
			);
			mainGroup = BCBA1DEC1E5DF12200DDF238;
			productRefGroup = BCBA1DF61E5DF12200DDF238 /* Products */;
			projectDirPath = "";
			projectRoot = "";
			targets = (
				BCBA1DF41E5DF12200DDF238 /* UniversalApp */,
				BCBA1E081E5DF12200DDF238 /* UniversalAppTests */,
			);
		};
/* End PBXProject section */

/* Begin PBXResourcesBuildPhase section */
		BCBA1DF31E5DF12200DDF238 /* Resources */ = {
			isa = PBXResourcesBuildPhase;
			buildActionMask = 2147483647;
			files = (
				BCBA1E031E5DF12200DDF238 /* LaunchScreen.storyboard in Resources */,
				BCBA1E001E5DF12200DDF238 /* Assets.xcassets in Resources */,
				BCBA1DFE1E5DF12200DDF238 /* Main.storyboard in Resources */,
			);
			runOnlyForDeploymentPostprocessing = 0;
		};
		BCBA1E071E5DF12200DDF238 /* Resources */ = {
			isa = PBXResourcesBuildPhase;
			buildActionMask = 2147483647;
			files = (
			);
			runOnlyForDeploymentPostprocessing = 0;
		};
/* End PBXResourcesBuildPhase section */

/* Begin PBXShellScriptBuildPhase section */
		30287CC36A0F0A5FC71E30ED /* [CP] Copy Pods Resources */ = {
			isa = PBXShellScriptBuildPhase;
			buildActionMask = 2147483647;
			files = (
			);
			inputPaths = (
			);
			name = "[CP] Copy Pods Resources";
			outputPaths = (
			);
			runOnlyForDeploymentPostprocessing = 0;
			shellPath = /bin/sh;
			shellScript = "\"${SRCROOT}/Pods/Target Support Files/Pods-UniversalAppTests/Pods-UniversalAppTests-resources.sh\"\n";
			showEnvVarsInLog = 0;
		};
		5040B9FB939BB5B24B11511F /* [CP] Embed Pods Frameworks */ = {
			isa = PBXShellScriptBuildPhase;
			buildActionMask = 2147483647;
			files = (
			);
			inputPaths = (
			);
			name = "[CP] Embed Pods Frameworks";
			outputPaths = (
			);
			runOnlyForDeploymentPostprocessing = 0;
			shellPath = /bin/sh;
			shellScript = "\"${SRCROOT}/Pods/Target Support Files/Pods-UniversalAppTests/Pods-UniversalAppTests-frameworks.sh\"\n";
			showEnvVarsInLog = 0;
		};
		73021B6DD758E219982EAEF3 /* [CP] Check Pods Manifest.lock */ = {
			isa = PBXShellScriptBuildPhase;
			buildActionMask = 2147483647;
			files = (
			);
			inputPaths = (
			);
			name = "[CP] Check Pods Manifest.lock";
			outputPaths = (
			);
			runOnlyForDeploymentPostprocessing = 0;
			shellPath = /bin/sh;
			shellScript = "diff \"${PODS_ROOT}/../Podfile.lock\" \"${PODS_ROOT}/Manifest.lock\" > /dev/null\nif [ $? != 0 ] ; then\n    # print error to STDERR\n    echo \"error: The sandbox is not in sync with the Podfile.lock. Run 'pod install' or update your CocoaPods installation.\" >&2\n    exit 1\nfi\n";
			showEnvVarsInLog = 0;
		};
		9455C7E33908375662BB25CB /* [CP] Embed Pods Frameworks */ = {
			isa = PBXShellScriptBuildPhase;
			buildActionMask = 2147483647;
			files = (
			);
			inputPaths = (
			);
			name = "[CP] Embed Pods Frameworks";
			outputPaths = (
			);
			runOnlyForDeploymentPostprocessing = 0;
			shellPath = /bin/sh;
			shellScript = "\"${SRCROOT}/Pods/Target Support Files/Pods-UniversalApp/Pods-UniversalApp-frameworks.sh\"\n";
			showEnvVarsInLog = 0;
		};
		C9519A3F432B0A461E6A0326 /* [CP] Copy Pods Resources */ = {
			isa = PBXShellScriptBuildPhase;
			buildActionMask = 2147483647;
			files = (
			);
			inputPaths = (
			);
			name = "[CP] Copy Pods Resources";
			outputPaths = (
			);
			runOnlyForDeploymentPostprocessing = 0;
			shellPath = /bin/sh;
			shellScript = "\"${SRCROOT}/Pods/Target Support Files/Pods-UniversalApp/Pods-UniversalApp-resources.sh\"\n";
			showEnvVarsInLog = 0;
		};
		DED7BF5FA5723A4E81B36EDF /* [CP] Check Pods Manifest.lock */ = {
			isa = PBXShellScriptBuildPhase;
			buildActionMask = 2147483647;
			files = (
			);
			inputPaths = (
			);
			name = "[CP] Check Pods Manifest.lock";
			outputPaths = (
			);
			runOnlyForDeploymentPostprocessing = 0;
			shellPath = /bin/sh;
			shellScript = "diff \"${PODS_ROOT}/../Podfile.lock\" \"${PODS_ROOT}/Manifest.lock\" > /dev/null\nif [ $? != 0 ] ; then\n    # print error to STDERR\n    echo \"error: The sandbox is not in sync with the Podfile.lock. Run 'pod install' or update your CocoaPods installation.\" >&2\n    exit 1\nfi\n";
			showEnvVarsInLog = 0;
		};
/* End PBXShellScriptBuildPhase section */

/* Begin PBXSourcesBuildPhase section */
		BCBA1DF11E5DF12200DDF238 /* Sources */ = {
			isa = PBXSourcesBuildPhase;
			buildActionMask = 2147483647;
			files = (
				BCBA1DFB1E5DF12200DDF238 /* ViewController.swift in Sources */,
				BCBA1DF91E5DF12200DDF238 /* AppDelegate.swift in Sources */,
			);
			runOnlyForDeploymentPostprocessing = 0;
		};
		BCBA1E051E5DF12200DDF238 /* Sources */ = {
			isa = PBXSourcesBuildPhase;
			buildActionMask = 2147483647;
			files = (
				BCBA1E191E61ABC000DDF238 /* APITests.swift in Sources */,
				BCBA1E0E1E5DF12200DDF238 /* UniversalAppTests.swift in Sources */,
			);
			runOnlyForDeploymentPostprocessing = 0;
		};
/* End PBXSourcesBuildPhase section */

/* Begin PBXTargetDependency section */
		BCBA1E0B1E5DF12200DDF238 /* PBXTargetDependency */ = {
			isa = PBXTargetDependency;
			target = BCBA1DF41E5DF12200DDF238 /* UniversalApp */;
			targetProxy = BCBA1E0A1E5DF12200DDF238 /* PBXContainerItemProxy */;
		};
/* End PBXTargetDependency section */

/* Begin PBXVariantGroup section */
		BCBA1DFC1E5DF12200DDF238 /* Main.storyboard */ = {
			isa = PBXVariantGroup;
			children = (
				BCBA1DFD1E5DF12200DDF238 /* Base */,
			);
			name = Main.storyboard;
			sourceTree = "<group>";
		};
		BCBA1E011E5DF12200DDF238 /* LaunchScreen.storyboard */ = {
			isa = PBXVariantGroup;
			children = (
				BCBA1E021E5DF12200DDF238 /* Base */,
			);
			name = LaunchScreen.storyboard;
			sourceTree = "<group>";
		};
/* End PBXVariantGroup section */

/* Begin XCBuildConfiguration section */
		BCBA1E101E5DF12200DDF238 /* Debug */ = {
			isa = XCBuildConfiguration;
			buildSettings = {
				ALWAYS_SEARCH_USER_PATHS = NO;
				CLANG_ANALYZER_NONNULL = YES;
				CLANG_CXX_LANGUAGE_STANDARD = "gnu++0x";
				CLANG_CXX_LIBRARY = "libc++";
				CLANG_ENABLE_MODULES = YES;
				CLANG_ENABLE_OBJC_ARC = YES;
				CLANG_WARN_BOOL_CONVERSION = YES;
				CLANG_WARN_CONSTANT_CONVERSION = YES;
				CLANG_WARN_DIRECT_OBJC_ISA_USAGE = YES_ERROR;
				CLANG_WARN_DOCUMENTATION_COMMENTS = YES;
				CLANG_WARN_EMPTY_BODY = YES;
				CLANG_WARN_ENUM_CONVERSION = YES;
				CLANG_WARN_INFINITE_RECURSION = YES;
				CLANG_WARN_INT_CONVERSION = YES;
				CLANG_WARN_OBJC_ROOT_CLASS = YES_ERROR;
				CLANG_WARN_SUSPICIOUS_MOVE = YES;
				CLANG_WARN_UNREACHABLE_CODE = YES;
				CLANG_WARN__DUPLICATE_METHOD_MATCH = YES;
				"CODE_SIGN_IDENTITY[sdk=iphoneos*]" = "iPhone Developer";
				COPY_PHASE_STRIP = NO;
				DEBUG_INFORMATION_FORMAT = dwarf;
				ENABLE_STRICT_OBJC_MSGSEND = YES;
				ENABLE_TESTABILITY = YES;
				GCC_C_LANGUAGE_STANDARD = gnu99;
				GCC_DYNAMIC_NO_PIC = NO;
				GCC_NO_COMMON_BLOCKS = YES;
				GCC_OPTIMIZATION_LEVEL = 0;
				GCC_PREPROCESSOR_DEFINITIONS = (
					"DEBUG=1",
					"$(inherited)",
				);
				GCC_WARN_64_TO_32_BIT_CONVERSION = YES;
				GCC_WARN_ABOUT_RETURN_TYPE = YES_ERROR;
				GCC_WARN_UNDECLARED_SELECTOR = YES;
				GCC_WARN_UNINITIALIZED_AUTOS = YES_AGGRESSIVE;
				GCC_WARN_UNUSED_FUNCTION = YES;
				GCC_WARN_UNUSED_VARIABLE = YES;
				IPHONEOS_DEPLOYMENT_TARGET = 10.2;
				MTL_ENABLE_DEBUG_INFO = YES;
				ONLY_ACTIVE_ARCH = YES;
				SDKROOT = iphoneos;
				SWIFT_ACTIVE_COMPILATION_CONDITIONS = DEBUG;
				SWIFT_OPTIMIZATION_LEVEL = "-Onone";
				TARGETED_DEVICE_FAMILY = "1,2";
			};
			name = Debug;
		};
		BCBA1E111E5DF12200DDF238 /* Release */ = {
			isa = XCBuildConfiguration;
			buildSettings = {
				ALWAYS_SEARCH_USER_PATHS = NO;
				CLANG_ANALYZER_NONNULL = YES;
				CLANG_CXX_LANGUAGE_STANDARD = "gnu++0x";
				CLANG_CXX_LIBRARY = "libc++";
				CLANG_ENABLE_MODULES = YES;
				CLANG_ENABLE_OBJC_ARC = YES;
				CLANG_WARN_BOOL_CONVERSION = YES;
				CLANG_WARN_CONSTANT_CONVERSION = YES;
				CLANG_WARN_DIRECT_OBJC_ISA_USAGE = YES_ERROR;
				CLANG_WARN_DOCUMENTATION_COMMENTS = YES;
				CLANG_WARN_EMPTY_BODY = YES;
				CLANG_WARN_ENUM_CONVERSION = YES;
				CLANG_WARN_INFINITE_RECURSION = YES;
				CLANG_WARN_INT_CONVERSION = YES;
				CLANG_WARN_OBJC_ROOT_CLASS = YES_ERROR;
				CLANG_WARN_SUSPICIOUS_MOVE = YES;
				CLANG_WARN_UNREACHABLE_CODE = YES;
				CLANG_WARN__DUPLICATE_METHOD_MATCH = YES;
				"CODE_SIGN_IDENTITY[sdk=iphoneos*]" = "iPhone Developer";
				COPY_PHASE_STRIP = NO;
				DEBUG_INFORMATION_FORMAT = "dwarf-with-dsym";
				ENABLE_NS_ASSERTIONS = NO;
				ENABLE_STRICT_OBJC_MSGSEND = YES;
				GCC_C_LANGUAGE_STANDARD = gnu99;
				GCC_NO_COMMON_BLOCKS = YES;
				GCC_WARN_64_TO_32_BIT_CONVERSION = YES;
				GCC_WARN_ABOUT_RETURN_TYPE = YES_ERROR;
				GCC_WARN_UNDECLARED_SELECTOR = YES;
				GCC_WARN_UNINITIALIZED_AUTOS = YES_AGGRESSIVE;
				GCC_WARN_UNUSED_FUNCTION = YES;
				GCC_WARN_UNUSED_VARIABLE = YES;
				IPHONEOS_DEPLOYMENT_TARGET = 10.2;
				MTL_ENABLE_DEBUG_INFO = NO;
				SDKROOT = iphoneos;
				SWIFT_OPTIMIZATION_LEVEL = "-Owholemodule";
				TARGETED_DEVICE_FAMILY = "1,2";
				VALIDATE_PRODUCT = YES;
			};
			name = Release;
		};
		BCBA1E131E5DF12200DDF238 /* Debug */ = {
			isa = XCBuildConfiguration;
			baseConfigurationReference = BEC2038B25FAE8B433FED67D /* Pods-UniversalApp.debug.xcconfig */;
			buildSettings = {
				ASSETCATALOG_COMPILER_APPICON_NAME = AppIcon;
				INFOPLIST_FILE = UniversalApp/Info.plist;
				LD_RUNPATH_SEARCH_PATHS = "$(inherited) @executable_path/Frameworks";
				PRODUCT_BUNDLE_IDENTIFIER = com.apkia.UniversalApp;
				PRODUCT_NAME = "$(TARGET_NAME)";
				SWIFT_VERSION = 3.0;
			};
			name = Debug;
		};
		BCBA1E141E5DF12200DDF238 /* Release */ = {
			isa = XCBuildConfiguration;
			baseConfigurationReference = A6B662DC3D4DAACD51DC25B1 /* Pods-UniversalApp.release.xcconfig */;
			buildSettings = {
				ASSETCATALOG_COMPILER_APPICON_NAME = AppIcon;
				INFOPLIST_FILE = UniversalApp/Info.plist;
				LD_RUNPATH_SEARCH_PATHS = "$(inherited) @executable_path/Frameworks";
				PRODUCT_BUNDLE_IDENTIFIER = com.apkia.UniversalApp;
				PRODUCT_NAME = "$(TARGET_NAME)";
				SWIFT_VERSION = 3.0;
			};
			name = Release;
		};
		BCBA1E161E5DF12200DDF238 /* Debug */ = {
			isa = XCBuildConfiguration;
			baseConfigurationReference = 20D804A5CF1B25553363EEFA /* Pods-UniversalAppTests.debug.xcconfig */;
			buildSettings = {
				ALWAYS_EMBED_SWIFT_STANDARD_LIBRARIES = YES;
				BUNDLE_LOADER = "$(TEST_HOST)";
				INFOPLIST_FILE = UniversalAppTests/Info.plist;
				LD_RUNPATH_SEARCH_PATHS = "$(inherited) @executable_path/Frameworks @loader_path/Frameworks";
				PRODUCT_BUNDLE_IDENTIFIER = com.apkia.UniversalAppTests;
				PRODUCT_NAME = "$(TARGET_NAME)";
				SWIFT_VERSION = 3.0;
				TEST_HOST = "$(BUILT_PRODUCTS_DIR)/UniversalApp.app/UniversalApp";
			};
			name = Debug;
		};
		BCBA1E171E5DF12200DDF238 /* Release */ = {
			isa = XCBuildConfiguration;
			baseConfigurationReference = A26B570F02109897EEBC6AAD /* Pods-UniversalAppTests.release.xcconfig */;
			buildSettings = {
				ALWAYS_EMBED_SWIFT_STANDARD_LIBRARIES = YES;
				BUNDLE_LOADER = "$(TEST_HOST)";
				INFOPLIST_FILE = UniversalAppTests/Info.plist;
				LD_RUNPATH_SEARCH_PATHS = "$(inherited) @executable_path/Frameworks @loader_path/Frameworks";
				PRODUCT_BUNDLE_IDENTIFIER = com.apkia.UniversalAppTests;
				PRODUCT_NAME = "$(TARGET_NAME)";
				SWIFT_VERSION = 3.0;
				TEST_HOST = "$(BUILT_PRODUCTS_DIR)/UniversalApp.app/UniversalApp";
			};
			name = Release;
		};
/* End XCBuildConfiguration section */

/* Begin XCConfigurationList section */
		BCBA1DF01E5DF12200DDF238 /* Build configuration list for PBXProject "UniversalApp" */ = {
			isa = XCConfigurationList;
			buildConfigurations = (
				BCBA1E101E5DF12200DDF238 /* Debug */,
				BCBA1E111E5DF12200DDF238 /* Release */,
			);
			defaultConfigurationIsVisible = 0;
			defaultConfigurationName = Release;
		};
		BCBA1E121E5DF12200DDF238 /* Build configuration list for PBXNativeTarget "UniversalApp" */ = {
			isa = XCConfigurationList;
			buildConfigurations = (
				BCBA1E131E5DF12200DDF238 /* Debug */,
				BCBA1E141E5DF12200DDF238 /* Release */,
			);
			defaultConfigurationIsVisible = 0;
			defaultConfigurationName = Release;
		};
		BCBA1E151E5DF12200DDF238 /* Build configuration list for PBXNativeTarget "UniversalAppTests" */ = {
			isa = XCConfigurationList;
			buildConfigurations = (
				BCBA1E161E5DF12200DDF238 /* Debug */,
				BCBA1E171E5DF12200DDF238 /* Release */,
			);
			defaultConfigurationIsVisible = 0;
			defaultConfigurationName = Release;
		};
/* End XCConfigurationList section */
	};
	rootObject = BCBA1DED1E5DF12200DDF238 /* Project object */;
}
